
Microsoft Visual Studio Solution File, Format Version 12.00
# Visual Studio 15
VisualStudioVersion = 15.0.28307.960
MinimumVisualStudioVersion = 10.0.40219.1
Project("{FAE04EC0-301F-11D3-BF4B-00C04F79EFBC}") = "TabletSoftware", "TabletSoftware\TabletSoftware.csproj", "{E977C2DB-2F60-4E27-AABA-94826D7E5E9A}"
EndProject
Global
	GlobalSection(SolutionConfigurationPlatforms) = preSolution
		Debug|Any CPU = Debug|Any CPU
		Release|Any CPU = Release|Any CPU
	EndGlobalSection
	GlobalSection(ProjectConfigurationPlatforms) = postSolution
		{E977C2DB-2F60-4E27-AABA-94826D7E5E9A}.Debug|Any CPU.ActiveCfg = Debug|Any CPU
		{E977C2DB-2F60-4E27-AABA-94826D7E5E9A}.Debug|Any CPU.Build.0 = Debug|Any CPU
		{E977C2DB-2F60-4E27-AABA-94826D7E5E9A}.Release|Any CPU.ActiveCfg = Release|Any CPU
		{E977C2DB-2F60-4E27-AABA-94826D7E5E9A}.Release|Any CPU.Build.0 = Release|Any CPU
	EndGlobalSection
	GlobalSection(SolutionProperties) = preSolution
		HideSolutionNode = FALSE
	EndGlobalSection
	GlobalSection(ExtensibilityGlobals) = postSolution
		SolutionGuid = {E4FD80D1-89DF-492C-85D5-1FD306C126E5}
	EndGlobalSection
EndGlobal
